
Microsoft Visual Studio Solution File, Format Version 12.00
# Visual Studio Version 17
VisualStudioVersion = 17.11.35312.102
MinimumVisualStudioVersion = 10.0.40219.1
Project("{2150E333-8FDC-42A3-9474-1A3956D46DE8}") = "src", "src", "{CBFFBFB0-3177-40CA-988C-6F9F31FB70AD}"
EndProject
Project("{2150E333-8FDC-42A3-9474-1A3956D46DE8}") = "Data", "Data", "{D326B6B0-1021-45C3-AD08-D2D3FDA01D61}"
EndProject
Project("{2150E333-8FDC-42A3-9474-1A3956D46DE8}") = "Business", "Business", "{2F93665D-E2D1-444D-B471-CABF8226187D}"
EndProject
Project("{2150E333-8FDC-42A3-9474-1A3956D46DE8}") = "Presentation", "Presentation", "{3ABAE81E-A5C6-42C4-9E83-1C160D9CF150}"
EndProject
Project("{2150E333-8FDC-42A3-9474-1A3956D46DE8}") = "Common", "Common", "{C75778B2-C65A-4157-96D9-B2DF66AD0BAC}"
EndProject
Project("{FAE04EC0-301F-11D3-BF4B-00C04F79EFBC}") = "KTMPos.Common", "..\src\Common\KTMPos\KTMPos.Common.csproj", "{34494A05-80CD-4D15-8254-0F2DA309C1E9}"
EndProject
Project("{FAE04EC0-301F-11D3-BF4B-00C04F79EFBC}") = "KTMPos.DAL", "..\src\Data\KTMPos.DAL\KTMPos.DAL.csproj", "{A208E3DA-6415-420C-B632-D5E8E1455361}"
EndProject
Project("{FAE04EC0-301F-11D3-BF4B-00C04F79EFBC}") = "KTMPos.BAL", "..\src\Business\KTMPos.BAL\KTMPos.BAL.csproj", "{6BC006DE-D016-4A39-8EE4-EFD82E388FF1}"
EndProject
Project("{FAE04EC0-301F-11D3-BF4B-00C04F79EFBC}") = "KTMPos.Desktop", "..\src\Presentation\KTMPos.Desktop\KTMPos.Desktop.csproj", "{FBF52081-190A-4C9B-9EBA-5E7038160B59}"
EndProject
Global
	GlobalSection(SolutionConfigurationPlatforms) = preSolution
		Debug|Any CPU = Debug|Any CPU
		Release|Any CPU = Release|Any CPU
	EndGlobalSection
	GlobalSection(ProjectConfigurationPlatforms) = postSolution
		{34494A05-80CD-4D15-8254-0F2DA309C1E9}.Debug|Any CPU.ActiveCfg = Debug|Any CPU
		{34494A05-80CD-4D15-8254-0F2DA309C1E9}.Debug|Any CPU.Build.0 = Debug|Any CPU
		{34494A05-80CD-4D15-8254-0F2DA309C1E9}.Release|Any CPU.ActiveCfg = Release|Any CPU
		{34494A05-80CD-4D15-8254-0F2DA309C1E9}.Release|Any CPU.Build.0 = Release|Any CPU
		{A208E3DA-6415-420C-B632-D5E8E1455361}.Debug|Any CPU.ActiveCfg = Debug|Any CPU
		{A208E3DA-6415-420C-B632-D5E8E1455361}.Debug|Any CPU.Build.0 = Debug|Any CPU
		{A208E3DA-6415-420C-B632-D5E8E1455361}.Release|Any CPU.ActiveCfg = Release|Any CPU
		{A208E3DA-6415-420C-B632-D5E8E1455361}.Release|Any CPU.Build.0 = Release|Any CPU
		{6BC006DE-D016-4A39-8EE4-EFD82E388FF1}.Debug|Any CPU.ActiveCfg = Debug|Any CPU
		{6BC006DE-D016-4A39-8EE4-EFD82E388FF1}.Debug|Any CPU.Build.0 = Debug|Any CPU
		{6BC006DE-D016-4A39-8EE4-EFD82E388FF1}.Release|Any CPU.ActiveCfg = Release|Any CPU
		{6BC006DE-D016-4A39-8EE4-EFD82E388FF1}.Release|Any CPU.Build.0 = Release|Any CPU
		{FBF52081-190A-4C9B-9EBA-5E7038160B59}.Debug|Any CPU.ActiveCfg = Debug|Any CPU
		{FBF52081-190A-4C9B-9EBA-5E7038160B59}.Debug|Any CPU.Build.0 = Debug|Any CPU
		{FBF52081-190A-4C9B-9EBA-5E7038160B59}.Release|Any CPU.ActiveCfg = Release|Any CPU
		{FBF52081-190A-4C9B-9EBA-5E7038160B59}.Release|Any CPU.Build.0 = Release|Any CPU
	EndGlobalSection
	GlobalSection(SolutionProperties) = preSolution
		HideSolutionNode = FALSE
	EndGlobalSection
	GlobalSection(NestedProjects) = preSolution
		{D326B6B0-1021-45C3-AD08-D2D3FDA01D61} = {CBFFBFB0-3177-40CA-988C-6F9F31FB70AD}
		{2F93665D-E2D1-444D-B471-CABF8226187D} = {CBFFBFB0-3177-40CA-988C-6F9F31FB70AD}
		{3ABAE81E-A5C6-42C4-9E83-1C160D9CF150} = {CBFFBFB0-3177-40CA-988C-6F9F31FB70AD}
		{C75778B2-C65A-4157-96D9-B2DF66AD0BAC} = {CBFFBFB0-3177-40CA-988C-6F9F31FB70AD}
		{34494A05-80CD-4D15-8254-0F2DA309C1E9} = {C75778B2-C65A-4157-96D9-B2DF66AD0BAC}
		{A208E3DA-6415-420C-B632-D5E8E1455361} = {D326B6B0-1021-45C3-AD08-D2D3FDA01D61}
		{6BC006DE-D016-4A39-8EE4-EFD82E388FF1} = {2F93665D-E2D1-444D-B471-CABF8226187D}
		{FBF52081-190A-4C9B-9EBA-5E7038160B59} = {3ABAE81E-A5C6-42C4-9E83-1C160D9CF150}
	EndGlobalSection
	GlobalSection(ExtensibilityGlobals) = postSolution
		SolutionGuid = {166E23E9-F58C-40A1-815E-0BFEE7F16603}
	EndGlobalSection
EndGlobal
